
Microsoft Visual Studio Solution File, Format Version 12.00
# Visual Studio Version 16
VisualStudioVersion = 16.0.29920.165
MinimumVisualStudioVersion = 10.0.40219.1
Project("{9A19103F-16F7-4668-BE54-9A1E7A4F7556}") = "CodewarsKatas", "CodewarsKatas\CodewarsKatas.csproj", "{9DB4D937-D467-4FB2-A743-576B187D9301}"
EndProject
Project("{9A19103F-16F7-4668-BE54-9A1E7A4F7556}") = "ConsoleApp", "ConsoleApp\ConsoleApp.csproj", "{7FFC60A9-AE41-4A52-AC5C-D4CF65847DF6}"
EndProject
Project("{FAE04EC0-301F-11D3-BF4B-00C04F79EFBC}") = "CodewarsKatas.Tests.Unit", "CodewarsKatas.Tests.Unit\CodewarsKatas.Tests.Unit.csproj", "{F5414045-C99C-4183-9BD1-62A7AF0704FA}"
EndProject
Global
	GlobalSection(SolutionConfigurationPlatforms) = preSolution
		Debug|Any CPU = Debug|Any CPU
		Release|Any CPU = Release|Any CPU
	EndGlobalSection
	GlobalSection(ProjectConfigurationPlatforms) = postSolution
		{9DB4D937-D467-4FB2-A743-576B187D9301}.Debug|Any CPU.ActiveCfg = Debug|Any CPU
		{9DB4D937-D467-4FB2-A743-576B187D9301}.Debug|Any CPU.Build.0 = Debug|Any CPU
		{9DB4D937-D467-4FB2-A743-576B187D9301}.Release|Any CPU.ActiveCfg = Release|Any CPU
		{9DB4D937-D467-4FB2-A743-576B187D9301}.Release|Any CPU.Build.0 = Release|Any CPU
		{7FFC60A9-AE41-4A52-AC5C-D4CF65847DF6}.Debug|Any CPU.ActiveCfg = Debug|Any CPU
		{7FFC60A9-AE41-4A52-AC5C-D4CF65847DF6}.Debug|Any CPU.Build.0 = Debug|Any CPU
		{7FFC60A9-AE41-4A52-AC5C-D4CF65847DF6}.Release|Any CPU.ActiveCfg = Release|Any CPU
		{7FFC60A9-AE41-4A52-AC5C-D4CF65847DF6}.Release|Any CPU.Build.0 = Release|Any CPU
		{F5414045-C99C-4183-9BD1-62A7AF0704FA}.Debug|Any CPU.ActiveCfg = Debug|Any CPU
		{F5414045-C99C-4183-9BD1-62A7AF0704FA}.Debug|Any CPU.Build.0 = Debug|Any CPU
		{F5414045-C99C-4183-9BD1-62A7AF0704FA}.Release|Any CPU.ActiveCfg = Release|Any CPU
		{F5414045-C99C-4183-9BD1-62A7AF0704FA}.Release|Any CPU.Build.0 = Release|Any CPU
	EndGlobalSection
	GlobalSection(SolutionProperties) = preSolution
		HideSolutionNode = FALSE
	EndGlobalSection
	GlobalSection(ExtensibilityGlobals) = postSolution
		SolutionGuid = {23543B43-1C4F-4E34-AB82-6C3740C91B98}
	EndGlobalSection
EndGlobal
